
Microsoft Visual Studio Solution File, Format Version 12.00
# Visual Studio Version 16
VisualStudioVersion = 16.0.30523.141
MinimumVisualStudioVersion = 10.0.40219.1
Project("{FAE04EC0-301F-11D3-BF4B-00C04F79EFBC}") = "HasTablePractice", "HasTablePractice\HasTablePractice.csproj", "{C545AFF6-0614-47B1-A08E-A17938BFE88E}"
EndProject
Global
	GlobalSection(SolutionConfigurationPlatforms) = preSolution
		Debug|Any CPU = Debug|Any CPU
		Release|Any CPU = Release|Any CPU
	EndGlobalSection
	GlobalSection(ProjectConfigurationPlatforms) = postSolution
		{C545AFF6-0614-47B1-A08E-A17938BFE88E}.Debug|Any CPU.ActiveCfg = Debug|Any CPU
		{C545AFF6-0614-47B1-A08E-A17938BFE88E}.Debug|Any CPU.Build.0 = Debug|Any CPU
		{C545AFF6-0614-47B1-A08E-A17938BFE88E}.Release|Any CPU.ActiveCfg = Release|Any CPU
		{C545AFF6-0614-47B1-A08E-A17938BFE88E}.Release|Any CPU.Build.0 = Release|Any CPU
	EndGlobalSection
	GlobalSection(SolutionProperties) = preSolution
		HideSolutionNode = FALSE
	EndGlobalSection
	GlobalSection(ExtensibilityGlobals) = postSolution
		SolutionGuid = {AD28F1CE-1BC6-4136-BFA6-1B96A9F0F794}
	EndGlobalSection
EndGlobal
